
Microsoft Visual Studio Solution File, Format Version 12.00
# Visual Studio Version 16
VisualStudioVersion = 16.0.30711.63
MinimumVisualStudioVersion = 10.0.40219.1
Project("{8BC9CEB8-8B4A-11D0-8D11-00A0C91BC942}") = "demoscene", "demoscene\demoscene.vcxproj", "{615755CE-4440-46A3-B1D3-70114DF27D96}"
EndProject
Global
	GlobalSection(SolutionConfigurationPlatforms) = preSolution
		Debug|x64 = Debug|x64
		Debug|x86 = Debug|x86
		Release|x64 = Release|x64
		Release|x86 = Release|x86
	EndGlobalSection
	GlobalSection(ProjectConfigurationPlatforms) = postSolution
		{615755CE-4440-46A3-B1D3-70114DF27D96}.Debug|x64.ActiveCfg = Debug|x64
		{615755CE-4440-46A3-B1D3-70114DF27D96}.Debug|x64.Build.0 = Debug|x64
		{615755CE-4440-46A3-B1D3-70114DF27D96}.Debug|x86.ActiveCfg = Debug|Win32
		{615755CE-4440-46A3-B1D3-70114DF27D96}.Debug|x86.Build.0 = Debug|Win32
		{615755CE-4440-46A3-B1D3-70114DF27D96}.Release|x64.ActiveCfg = Release|x64
		{615755CE-4440-46A3-B1D3-70114DF27D96}.Release|x64.Build.0 = Release|x64
		{615755CE-4440-46A3-B1D3-70114DF27D96}.Release|x86.ActiveCfg = Release|Win32
		{615755CE-4440-46A3-B1D3-70114DF27D96}.Release|x86.Build.0 = Release|Win32
	EndGlobalSection
	GlobalSection(SolutionProperties) = preSolution
		HideSolutionNode = FALSE
	EndGlobalSection
	GlobalSection(ExtensibilityGlobals) = postSolution
		SolutionGuid = {7FA4AA82-F8A9-494C-8069-BB7B815A93EF}
	EndGlobalSection
EndGlobal
